
Microsoft Visual Studio Solution File, Format Version 12.00
# Visual Studio Version 16
VisualStudioVersion = 16.0.30413.136
MinimumVisualStudioVersion = 10.0.40219.1
Project("{9A19103F-16F7-4668-BE54-9A1E7A4F7556}") = "FutureValue", "FutureValue.csproj", "{8F47AEFB-AC62-4FB8-A714-0E1BF62644E7}"
EndProject
Global
	GlobalSection(SolutionConfigurationPlatforms) = preSolution
		Debug|Any CPU = Debug|Any CPU
		Release|Any CPU = Release|Any CPU
	EndGlobalSection
	GlobalSection(ProjectConfigurationPlatforms) = postSolution
		{8F47AEFB-AC62-4FB8-A714-0E1BF62644E7}.Debug|Any CPU.ActiveCfg = Debug|Any CPU
		{8F47AEFB-AC62-4FB8-A714-0E1BF62644E7}.Debug|Any CPU.Build.0 = Debug|Any CPU
		{8F47AEFB-AC62-4FB8-A714-0E1BF62644E7}.Release|Any CPU.ActiveCfg = Release|Any CPU
		{8F47AEFB-AC62-4FB8-A714-0E1BF62644E7}.Release|Any CPU.Build.0 = Release|Any CPU
	EndGlobalSection
	GlobalSection(SolutionProperties) = preSolution
		HideSolutionNode = FALSE
	EndGlobalSection
	GlobalSection(ExtensibilityGlobals) = postSolution
		SolutionGuid = {78A8CAB6-BF77-4DAA-B04E-F6B43EF3034C}
	EndGlobalSection
EndGlobal
